
Microsoft Visual Studio Solution File, Format Version 12.00
# Visual Studio Version 17
VisualStudioVersion = 17.4.33403.182
MinimumVisualStudioVersion = 10.0.40219.1
Project("{FAE04EC0-301F-11D3-BF4B-00C04F79EFBC}") = "Stack", "Stack.csproj", "{E99D85F7-A51A-4B53-B766-52E7505C3FE6}"
EndProject
Global
	GlobalSection(SolutionConfigurationPlatforms) = preSolution
		Debug|Any CPU = Debug|Any CPU
		Release|Any CPU = Release|Any CPU
	EndGlobalSection
	GlobalSection(ProjectConfigurationPlatforms) = postSolution
		{E99D85F7-A51A-4B53-B766-52E7505C3FE6}.Debug|Any CPU.ActiveCfg = Debug|Any CPU
		{E99D85F7-A51A-4B53-B766-52E7505C3FE6}.Debug|Any CPU.Build.0 = Debug|Any CPU
		{E99D85F7-A51A-4B53-B766-52E7505C3FE6}.Release|Any CPU.ActiveCfg = Release|Any CPU
		{E99D85F7-A51A-4B53-B766-52E7505C3FE6}.Release|Any CPU.Build.0 = Release|Any CPU
	EndGlobalSection
	GlobalSection(SolutionProperties) = preSolution
		HideSolutionNode = FALSE
	EndGlobalSection
	GlobalSection(ExtensibilityGlobals) = postSolution
		SolutionGuid = {EF31E782-1FDF-49DC-AF17-26907E40E124}
	EndGlobalSection
EndGlobal
